{
    "_readme": [
        "This file locks the dependencies of your project to a known state",
        "Read more about it at https://getcomposer.org/doc/01-basic-usage.md#installing-dependencies",
        "This file is @generated automatically"
    ],
    "content-hash": "0cb71c6af530156279746ce2a803c45f",
    "packages": [
        {
            "name": "intervention/gif",
            "version": "5.0.1",
            "source": {
                "type": "git",
                "url": "https://github.com/Intervention/gif.git",
                "reference": "bb395af960deffe64d70c976b4df9283f68e762d"
            },
            "dist": {
                "type": "zip",
                "url": "https://api.github.com/repos/Intervention/gif/zipball/bb395af960deffe64d70c976b4df9283f68e762d",
                "reference": "bb395af960deffe64d70c976b4df9283f68e762d",
                "shasum": ""
            },
            "require": {
                "php": "^8.3"
            },
            "require-dev": {
                "phpstan/phpstan": "^2.1",
                "phpunit/phpunit": "^12.0",
                "slevomat/coding-standard": "~8.0",
                "squizlabs/php_codesniffer": "^4"
            },
            "type": "library",
            "autoload": {
                "psr-4": {
                    "Intervention\\Gif\\": "src"
                }
            },
            "notification-url": "https://packagist.org/downloads/",
            "license": [
                "MIT"
            ],
            "authors": [
                {
                    "name": "Oliver Vogel",
                    "email": "oliver@intervention.io",
                    "homepage": "https://intervention.io/"
                }
            ],
            "description": "PHP GIF Encoder/Decoder",
            "homepage": "https://github.com/intervention/gif",
            "keywords": [
                "animation",
                "gd",
                "gif",
                "image"
            ],
            "support": {
                "issues": "https://github.com/Intervention/gif/issues",
                "source": "https://github.com/Intervention/gif/tree/5.0.1"
            },
            "funding": [
                {
                    "url": "https://paypal.me/interventionio",
                    "type": "custom"
                },
                {
                    "url": "https://github.com/Intervention",
                    "type": "github"
                },
                {
                    "url": "https://ko-fi.com/interventionphp",
                    "type": "ko_fi"
                }
            ],
            "time": "2026-05-03T06:04:47+00:00"
        },
        {
            "name": "intervention/image",
            "version": "4.1.5",
            "source": {
                "type": "git",
                "url": "https://github.com/Intervention/image.git",
                "reference": "e5256d3e5884d97fd9c6eada513a8f7a1d1027fa"
            },
            "dist": {
                "type": "zip",
                "url": "https://api.github.com/repos/Intervention/image/zipball/e5256d3e5884d97fd9c6eada513a8f7a1d1027fa",
                "reference": "e5256d3e5884d97fd9c6eada513a8f7a1d1027fa",
                "shasum": ""
            },
            "require": {
                "ext-mbstring": "*",
                "intervention/gif": "^5",
                "php": "^8.3"
            },
            "require-dev": {
                "mockery/mockery": "^1.6",
                "phpstan/phpstan": "^2.1",
                "phpunit/phpunit": "^12.0",
                "slevomat/coding-standard": "~8.0",
                "squizlabs/php_codesniffer": "^4"
            },
            "suggest": {
                "ext-exif": "Recommended to be able to read EXIF data properly."
            },
            "type": "library",
            "autoload": {
                "psr-4": {
                    "Intervention\\Image\\": "src"
                }
            },
            "notification-url": "https://packagist.org/downloads/",
            "license": [
                "MIT"
            ],
            "authors": [
                {
                    "name": "Oliver Vogel",
                    "email": "oliver@intervention.io",
                    "homepage": "https://intervention.io"
                }
            ],
            "description": "PHP Image Processing",
            "homepage": "https://image.intervention.io",
            "keywords": [
                "gd",
                "image",
                "imagick",
                "resize",
                "thumbnail",
                "watermark"
            ],
            "support": {
                "issues": "https://github.com/Intervention/image/issues",
                "source": "https://github.com/Intervention/image/tree/4.1.5"
            },
            "funding": [
                {
                    "url": "https://paypal.me/interventionio",
                    "type": "custom"
                },
                {
                    "url": "https://github.com/Intervention",
                    "type": "github"
                },
                {
                    "url": "https://ko-fi.com/interventionphp",
                    "type": "ko_fi"
                }
            ],
            "time": "2026-06-23T13:22:48+00:00"
        },
        {
            "name": "symfony/polyfill-ctype",
            "version": "v1.37.0",
            "source": {
                "type": "git",
                "url": "https://github.com/symfony/polyfill-ctype.git",
                "reference": "141046a8f9477948ff284fa65be2095baafb94f2"
            },
            "dist": {
                "type": "zip",
                "url": "https://api.github.com/repos/symfony/polyfill-ctype/zipball/141046a8f9477948ff284fa65be2095baafb94f2",
                "reference": "141046a8f9477948ff284fa65be2095baafb94f2",
                "shasum": ""
            },
            "require": {
                "php": ">=7.2"
            },
            "provide": {
                "ext-ctype": "*"
            },
            "suggest": {
                "ext-ctype": "For best performance"
            },
            "type": "library",
            "extra": {
                "thanks": {
                    "url": "https://github.com/symfony/polyfill",
                    "name": "symfony/polyfill"
                }
            },
            "autoload": {
                "files": [
                    "bootstrap.php"
                ],
                "psr-4": {
                    "Symfony\\Polyfill\\Ctype\\": ""
                }
            },
            "notification-url": "https://packagist.org/downloads/",
            "license": [
                "MIT"
            ],
            "authors": [
                {
                    "name": "Gert de Pagter",
                    "email": "BackEndTea@gmail.com"
                },
                {
                    "name": "Symfony Community",
                    "homepage": "https://symfony.com/contributors"
                }
            ],
            "description": "Symfony polyfill for ctype functions",
            "homepage": "https://symfony.com",
            "keywords": [
                "compatibility",
                "ctype",
                "polyfill",
                "portable"
            ],
            "support": {
                "source": "https://github.com/symfony/polyfill-ctype/tree/v1.37.0"
            },
            "funding": [
                {
                    "url": "https://symfony.com/sponsor",
                    "type": "custom"
                },
                {
                    "url": "https://github.com/fabpot",
                    "type": "github"
                },
                {
                    "url": "https://github.com/nicolas-grekas",
                    "type": "github"
                },
                {
                    "url": "https://tidelift.com/funding/github/packagist/symfony/symfony",
                    "type": "tidelift"
                }
            ],
            "time": "2026-04-10T16:19:22+00:00"
        },
        {
            "name": "symfony/yaml",
            "version": "v8.1.1",
            "source": {
                "type": "git",
                "url": "https://github.com/symfony/yaml.git",
                "reference": "8e4cdd4311683516be06944f4b85244063cdb886"
            },
            "dist": {
                "type": "zip",
                "url": "https://api.github.com/repos/symfony/yaml/zipball/8e4cdd4311683516be06944f4b85244063cdb886",
                "reference": "8e4cdd4311683516be06944f4b85244063cdb886",
                "shasum": ""
            },
            "require": {
                "php": ">=8.4.1",
                "symfony/polyfill-ctype": "^1.8"
            },
            "conflict": {
                "symfony/console": "<7.4"
            },
            "require-dev": {
                "symfony/console": "^7.4|^8.0",
                "yaml/yaml-test-suite": "*"
            },
            "bin": [
                "Resources/bin/yaml-lint"
            ],
            "type": "library",
            "autoload": {
                "psr-4": {
                    "Symfony\\Component\\Yaml\\": ""
                },
                "exclude-from-classmap": [
                    "/Tests/"
                ]
            },
            "notification-url": "https://packagist.org/downloads/",
            "license": [
                "MIT"
            ],
            "authors": [
                {
                    "name": "Fabien Potencier",
                    "email": "fabien@symfony.com"
                },
                {
                    "name": "Symfony Community",
                    "homepage": "https://symfony.com/contributors"
                }
            ],
            "description": "Loads and dumps YAML files",
            "homepage": "https://symfony.com",
            "support": {
                "source": "https://github.com/symfony/yaml/tree/v8.1.1"
            },
            "funding": [
                {
                    "url": "https://symfony.com/sponsor",
                    "type": "custom"
                },
                {
                    "url": "https://github.com/fabpot",
                    "type": "github"
                },
                {
                    "url": "https://github.com/nicolas-grekas",
                    "type": "github"
                },
                {
                    "url": "https://tidelift.com/funding/github/packagist/symfony/symfony",
                    "type": "tidelift"
                }
            ],
            "time": "2026-06-09T11:06:24+00:00"
        },
        {
            "name": "tempest/highlight",
            "version": "2.27.0",
            "source": {
                "type": "git",
                "url": "https://github.com/tempestphp/highlight.git",
                "reference": "7eaf2f4030cc218320672902608b6226bb13a39a"
            },
            "dist": {
                "type": "zip",
                "url": "https://api.github.com/repos/tempestphp/highlight/zipball/7eaf2f4030cc218320672902608b6226bb13a39a",
                "reference": "7eaf2f4030cc218320672902608b6226bb13a39a",
                "shasum": ""
            },
            "require": {
                "php": "^8.4"
            },
            "require-dev": {
                "assertchris/ellison": "^1.0.2",
                "friendsofphp/php-cs-fixer": "^3.84",
                "league/commonmark": "^2.4",
                "phpbench/phpbench": "^1.4",
                "phpstan/phpstan": "^2.1",
                "phpunit/phpunit": "^12.0",
                "symfony/var-dumper": "^6.4|^7.0|^8.0"
            },
            "suggest": {
                "assertchris/ellison": "Allows you to analyse sentence complexity",
                "league/commonmark": "Adds markdown support"
            },
            "type": "library",
            "autoload": {
                "psr-4": {
                    "Tempest\\Highlight\\": "src/"
                }
            },
            "notification-url": "https://packagist.org/downloads/",
            "license": [
                "MIT"
            ],
            "authors": [
                {
                    "name": "Brent Roose",
                    "email": "brendt@stitcher.io"
                }
            ],
            "description": "Fast, extensible, server-side code highlighting",
            "support": {
                "issues": "https://github.com/tempestphp/highlight/issues",
                "source": "https://github.com/tempestphp/highlight/tree/2.27.0"
            },
            "funding": [
                {
                    "url": "https://github.com/brendt",
                    "type": "github"
                }
            ],
            "time": "2026-06-29T09:11:42+00:00"
        },
        {
            "name": "tempest/markdown",
            "version": "1.1.2",
            "source": {
                "type": "git",
                "url": "https://github.com/tempestphp/markdown.git",
                "reference": "a2b1f34be6db94f74bc4d6e98ff3e412a4894a01"
            },
            "dist": {
                "type": "zip",
                "url": "https://api.github.com/repos/tempestphp/markdown/zipball/a2b1f34be6db94f74bc4d6e98ff3e412a4894a01",
                "reference": "a2b1f34be6db94f74bc4d6e98ff3e412a4894a01",
                "shasum": ""
            },
            "require": {
                "php": "^8.5",
                "symfony/yaml": "^8.0",
                "tempest/highlight": "^2.23.1",
                "tempest/responsive-image": "^1.0"
            },
            "require-dev": {
                "carthage-software/mago": "1.16.0",
                "erusev/parsedown-extra": "^0.9.0",
                "league/commonmark": "^2.8",
                "michelf/php-markdown": "^2.0",
                "phpbench/phpbench": "^1.4",
                "phpunit/phpunit": "^12.0",
                "tempest/debug": "^3.10"
            },
            "type": "library",
            "autoload": {
                "psr-4": {
                    "Tempest\\Markdown\\": "src/"
                }
            },
            "notification-url": "https://packagist.org/downloads/",
            "license": [
                "MIT"
            ],
            "authors": [
                {
                    "name": "Brent Roose",
                    "email": "brendt@stitcher.io"
                }
            ],
            "description": "Fast and extensible Markdown in PHP",
            "support": {
                "issues": "https://github.com/tempestphp/markdown/issues",
                "source": "https://github.com/tempestphp/markdown/tree/1.1.2"
            },
            "funding": [
                {
                    "url": "https://github.com/brendt",
                    "type": "github"
                }
            ],
            "time": "2026-06-29T08:31:01+00:00"
        },
        {
            "name": "tempest/responsive-image",
            "version": "1.0.0",
            "source": {
                "type": "git",
                "url": "https://github.com/tempestphp/responsive-image.git",
                "reference": "a0059b6129650771ccbbb8210147d664bed489fa"
            },
            "dist": {
                "type": "zip",
                "url": "https://api.github.com/repos/tempestphp/responsive-image/zipball/a0059b6129650771ccbbb8210147d664bed489fa",
                "reference": "a0059b6129650771ccbbb8210147d664bed489fa",
                "shasum": ""
            },
            "require": {
                "intervention/image": "^4.1",
                "php": "^8.5"
            },
            "require-dev": {
                "carthage-software/mago": "1.16.0",
                "phpbench/phpbench": "^1.4",
                "phpunit/phpunit": "^12.0",
                "tempest/command-bus": "^3.11",
                "tempest/debug": "^3.11"
            },
            "type": "library",
            "autoload": {
                "psr-4": {
                    "Tempest\\ResponsiveImage\\": "src/"
                }
            },
            "notification-url": "https://packagist.org/downloads/",
            "license": [
                "MIT"
            ],
            "authors": [
                {
                    "name": "Brent Roose",
                    "email": "brendt@stitcher.io"
                }
            ],
            "description": "Server-side responsive images with PHP",
            "support": {
                "issues": "https://github.com/tempestphp/responsive-image/issues",
                "source": "https://github.com/tempestphp/responsive-image/tree/1.0.0"
            },
            "funding": [
                {
                    "url": "https://github.com/brendt",
                    "type": "github"
                }
            ],
            "time": "2026-05-29T12:38:09+00:00"
        }
    ],
    "packages-dev": [],
    "aliases": [],
    "minimum-stability": "stable",
    "stability-flags": {},
    "prefer-stable": false,
    "prefer-lowest": false,
    "platform": {},
    "platform-dev": {},
    "plugin-api-version": "2.9.0"
}
